// !$*UTF8*$!
{
	archiveVersion = 1;
	classes = {
	};
	objectVersion = 46;
	objects = {

/* Begin PBXBuildFile section */
		4A5D20BD1DF8027D00EDF246 /* main.m in Sources */ = {isa = PBXBuildFile; fileRef = 4A5D20BC1DF8027D00EDF246 /* main.m */; };
		4A5D20C01DF8027E00EDF246 /* AppDelegate.m in Sources */ = {isa = PBXBuildFile; fileRef = 4A5D20BF1DF8027E00EDF246 /* AppDelegate.m */; };
		4A5D20C31DF8027E00EDF246 /* FirstViewController.m in Sources */ = {isa = PBXBuildFile; fileRef = 4A5D20C21DF8027E00EDF246 /* FirstViewController.m */; };
		4A5D20C61DF8027E00EDF246 /* SecondViewController.m in Sources */ = {isa = PBXBuildFile; fileRef = 4A5D20C51DF8027E00EDF246 /* SecondViewController.m */; };
		4A5D20C91DF8027E00EDF246 /* Main.storyboard in Resources */ = {isa = PBXBuildFile; fileRef = 4A5D20C71DF8027E00EDF246 /* Main.storyboard */; };
		4A5D20CB1DF8027E00EDF246 /* Assets.xcassets in Resources */ = {isa = PBXBuildFile; fileRef = 4A5D20CA1DF8027E00EDF246 /* Assets.xcassets */; };
		4A5D20CE1DF8027E00EDF246 /* LaunchScreen.storyboard in Resources */ = {isa = PBXBuildFile; fileRef = 4A5D20CC1DF8027E00EDF246 /* LaunchScreen.storyboard */; };
/* End PBXBuildFile section */

/* Begin PBXFileReference section */
		4A5D20B81DF8027D00EDF246 /* Ts.app */ = {isa = PBXFileReference; explicitFileType = wrapper.application; includeInIndex = 0; path = Ts.app; sourceTree = BUILT_PRODUCTS_DIR; };
		4A5D20BC1DF8027D00EDF246 /* main.m */ = {isa = PBXFileReference; lastKnownFileType = sourcecode.c.objc; path = main.m; sourceTree = "<group>"; };
		4A5D20BE1DF8027E00EDF246 /* AppDelegate.h */ = {isa = PBXFileReference; lastKnownFileType = sourcecode.c.h; path = AppDelegate.h; sourceTree = "<group>"; };
		4A5D20BF1DF8027E00EDF246 /* AppDelegate.m */ = {isa = PBXFileReference; lastKnownFileType = sourcecode.c.objc; path = AppDelegate.m; sourceTree = "<group>"; };
		4A5D20C11DF8027E00EDF246 /* FirstViewController.h */ = {isa = PBXFileReference; lastKnownFileType = sourcecode.c.h; path = FirstViewController.h; sourceTree = "<group>"; };
		4A5D20C21DF8027E00EDF246 /* FirstViewController.m */ = {isa = PBXFileReference; lastKnownFileType = sourcecode.c.objc; path = FirstViewController.m; sourceTree = "<group>"; };
		4A5D20C41DF8027E00EDF246 /* SecondViewController.h */ = {isa = PBXFileReference; lastKnownFileType = sourcecode.c.h; path = SecondViewController.h; sourceTree = "<group>"; };
		4A5D20C51DF8027E00EDF246 /* SecondViewController.m */ = {isa = PBXFileReference; lastKnownFileType = sourcecode.c.objc; path = SecondViewController.m; sourceTree = "<group>"; };
		4A5D20C81DF8027E00EDF246 /* Base */ = {isa = PBXFileReference; lastKnownFileType = file.storyboard; name = Base; path = Base.lproj/Main.storyboard; sourceTree = "<group>"; };
		4A5D20CA1DF8027E00EDF246 /* Assets.xcassets */ = {isa = PBXFileReference; lastKnownFileType = folder.assetcatalog; path = Assets.xcassets; sourceTree = "<group>"; };
		4A5D20CD1DF8027E00EDF246 /* Base */ = {isa = PBXFileReference; lastKnownFileType = file.storyboard; name = Base; path = Base.lproj/LaunchScreen.storyboard; sourceTree = "<group>"; };
		4A5D20CF1DF8027E00EDF246 /* Info.plist */ = {isa = PBXFileReference; lastKnownFileType = text.plist.xml; path = Info.plist; sourceTree = "<group>"; };
/* End PBXFileReference section */

/* Begin PBXFrameworksBuildPhase section */
		4A5D20B51DF8027D00EDF246 /* Frameworks */ = {
			isa = PBXFrameworksBuildPhase;
			buildActionMask = 2147483647;
			files = (
			);
			runOnlyForDeploymentPostprocessing = 0;
		};
/* End PBXFrameworksBuildPhase section */

/* Begin PBXGroup section */
		4A5D20AF1DF8027D00EDF246 = {
			isa = PBXGroup;
			children = (
				4A5D20BA1DF8027D00EDF246 /* Ts */,
				4A5D20B91DF8027D00EDF246 /* Products */,
			);
			sourceTree = "<group>";
		};
		4A5D20B91DF8027D00EDF246 /* Products */ = {
			isa = PBXGroup;
			children = (
				4A5D20B81DF8027D00EDF246 /* Ts.app */,
			);
			name = Products;
			sourceTree = "<group>";
		};
		4A5D20BA1DF8027D00EDF246 /* Ts */ = {
			isa = PBXGroup;
			children = (
				4A5D20BE1DF8027E00EDF246 /* AppDelegate.h */,
				4A5D20BF1DF8027E00EDF246 /* AppDelegate.m */,
				4A5D20C11DF8027E00EDF246 /* FirstViewController.h */,
				4A5D20C21DF8027E00EDF246 /* FirstViewController.m */,
				4A5D20C41DF8027E00EDF246 /* SecondViewController.h */,
				4A5D20C51DF8027E00EDF246 /* SecondViewController.m */,
				4A5D20C71DF8027E00EDF246 /* Main.storyboard */,
				4A5D20CA1DF8027E00EDF246 /* Assets.xcassets */,
				4A5D20CC1DF8027E00EDF246 /* LaunchScreen.storyboard */,
				4A5D20CF1DF8027E00EDF246 /* Info.plist */,
				4A5D20BB1DF8027D00EDF246 /* Supporting Files */,
			);
			path = Ts;
			sourceTree = "<group>";
		};
		4A5D20BB1DF8027D00EDF246 /* Supporting Files */ = {
			isa = PBXGroup;
			children = (
				4A5D20BC1DF8027D00EDF246 /* main.m */,
			);
			name = "Supporting Files";
			sourceTree = "<group>";
		};
/* End PBXGroup section */

/* Begin PBXNativeTarget section */
		4A5D20B71DF8027D00EDF246 /* Ts */ = {
			isa = PBXNativeTarget;
			buildConfigurationList = 4A5D20D21DF8027E00EDF246 /* Build configuration list for PBXNativeTarget "Ts" */;
			buildPhases = (
				4A5D20B41DF8027D00EDF246 /* Sources */,
				4A5D20B51DF8027D00EDF246 /* Frameworks */,
				4A5D20B61DF8027D00EDF246 /* Resources */,
			);
			buildRules = (
			);
			dependencies = (
			);
			name = Ts;
			productName = Ts;
			productReference = 4A5D20B81DF8027D00EDF246 /* Ts.app */;
			productType = "com.apple.product-type.application";
		};
/* End PBXNativeTarget section */

/* Begin PBXProject section */
		4A5D20B01DF8027D00EDF246 /* Project object */ = {
			isa = PBXProject;
			attributes = {
				LastUpgradeCheck = 0810;
				ORGANIZATIONNAME = "华胜 程";
				TargetAttributes = {
					4A5D20B71DF8027D00EDF246 = {
						CreatedOnToolsVersion = 8.1;
						DevelopmentTeam = 6HJ8KKHN23;
						ProvisioningStyle = Automatic;
					};
				};
			};
			buildConfigurationList = 4A5D20B31DF8027D00EDF246 /* Build configuration list for PBXProject "Ts" */;
			compatibilityVersion = "Xcode 3.2";
			developmentRegion = English;
			hasScannedForEncodings = 0;
			knownRegions = (
				en,
				Base,
			);
			mainGroup = 4A5D20AF1DF8027D00EDF246;
			productRefGroup = 4A5D20B91DF8027D00EDF246 /* Products */;
			projectDirPath = "";
			projectRoot = "";
			targets = (
				4A5D20B71DF8027D00EDF246 /* Ts */,
			);
		};
/* End PBXProject section */

/* Begin PBXResourcesBuildPhase section */
		4A5D20B61DF8027D00EDF246 /* Resources */ = {
			isa = PBXResourcesBuildPhase;
			buildActionMask = 2147483647;
			files = (
				4A5D20CE1DF8027E00EDF246 /* LaunchScreen.storyboard in Resources */,
				4A5D20CB1DF8027E00EDF246 /* Assets.xcassets in Resources */,
				4A5D20C91DF8027E00EDF246 /* Main.storyboard in Resources */,
			);
			runOnlyForDeploymentPostprocessing = 0;
		};
/* End PBXResourcesBuildPhase section */

/* Begin PBXSourcesBuildPhase section */
		4A5D20B41DF8027D00EDF246 /* Sources */ = {
			isa = PBXSourcesBuildPhase;
			buildActionMask = 2147483647;
			files = (
				4A5D20C61DF8027E00EDF246 /* SecondViewController.m in Sources */,
				4A5D20C01DF8027E00EDF246 /* AppDelegate.m in Sources */,
				4A5D20C31DF8027E00EDF246 /* FirstViewController.m in Sources */,
				4A5D20BD1DF8027D00EDF246 /* main.m in Sources */,
			);
			runOnlyForDeploymentPostprocessing = 0;
		};
/* End PBXSourcesBuildPhase section */

/* Begin PBXVariantGroup section */
		4A5D20C71DF8027E00EDF246 /* Main.storyboard */ = {
			isa = PBXVariantGroup;
			children = (
				4A5D20C81DF8027E00EDF246 /* Base */,
			);
			name = Main.storyboard;
			sourceTree = "<group>";
		};
		4A5D20CC1DF8027E00EDF246 /* LaunchScreen.storyboard */ = {
			isa = PBXVariantGroup;
			children = (
				4A5D20CD1DF8027E00EDF246 /* Base */,
			);
			name = LaunchScreen.storyboard;
			sourceTree = "<group>";
		};
/* End PBXVariantGroup section */

/* Begin XCBuildConfiguration section */
		4A5D20D01DF8027E00EDF246 /* Debug */ = {
			isa = XCBuildConfiguration;
			buildSettings = {
				ALWAYS_SEARCH_USER_PATHS = NO;
				CLANG_ANALYZER_NONNULL = YES;
				CLANG_CXX_LANGUAGE_STANDARD = "gnu++0x";
				CLANG_CXX_LIBRARY = "libc++";
				CLANG_ENABLE_MODULES = YES;
				CLANG_ENABLE_OBJC_ARC = YES;
				CLANG_WARN_BOOL_CONVERSION = YES;
				CLANG_WARN_CONSTANT_CONVERSION = YES;
				CLANG_WARN_DIRECT_OBJC_ISA_USAGE = YES_ERROR;
				CLANG_WARN_DOCUMENTATION_COMMENTS = YES;
				CLANG_WARN_EMPTY_BODY = YES;
				CLANG_WARN_ENUM_CONVERSION = YES;
				CLANG_WARN_INFINITE_RECURSION = YES;
				CLANG_WARN_INT_CONVERSION = YES;
				CLANG_WARN_OBJC_ROOT_CLASS = YES_ERROR;
				CLANG_WARN_SUSPICIOUS_MOVES = YES;
				CLANG_WARN_UNREACHABLE_CODE = YES;
				CLANG_WARN__DUPLICATE_METHOD_MATCH = YES;
				"CODE_SIGN_IDENTITY[sdk=iphoneos*]" = "iPhone Developer";
				COPY_PHASE_STRIP = NO;
				DEBUG_INFORMATION_FORMAT = dwarf;
				ENABLE_STRICT_OBJC_MSGSEND = YES;
				ENABLE_TESTABILITY = YES;
				GCC_C_LANGUAGE_STANDARD = gnu99;
				GCC_DYNAMIC_NO_PIC = NO;
				GCC_NO_COMMON_BLOCKS = YES;
				GCC_OPTIMIZATION_LEVEL = 0;
				GCC_PREPROCESSOR_DEFINITIONS = (
					"DEBUG=1",
					"$(inherited)",
				);
				GCC_WARN_64_TO_32_BIT_CONVERSION = YES;
				GCC_WARN_ABOUT_RETURN_TYPE = YES_ERROR;
				GCC_WARN_UNDECLARED_SELECTOR = YES;
				GCC_WARN_UNINITIALIZED_AUTOS = YES_AGGRESSIVE;
				GCC_WARN_UNUSED_FUNCTION = YES;
				GCC_WARN_UNUSED_VARIABLE = YES;
				IPHONEOS_DEPLOYMENT_TARGET = 10.1;
				MTL_ENABLE_DEBUG_INFO = YES;
				ONLY_ACTIVE_ARCH = YES;
				SDKROOT = iphoneos;
			};
			name = Debug;
		};
		4A5D20D11DF8027E00EDF246 /* Release */ = {
			isa = XCBuildConfiguration;
			buildSettings = {
				ALWAYS_SEARCH_USER_PATHS = NO;
				CLANG_ANALYZER_NONNULL = YES;
				CLANG_CXX_LANGUAGE_STANDARD = "gnu++0x";
				CLANG_CXX_LIBRARY = "libc++";
				CLANG_ENABLE_MODULES = YES;
				CLANG_ENABLE_OBJC_ARC = YES;
				CLANG_WARN_BOOL_CONVERSION = YES;
				CLANG_WARN_CONSTANT_CONVERSION = YES;
				CLANG_WARN_DIRECT_OBJC_ISA_USAGE = YES_ERROR;
				CLANG_WARN_DOCUMENTATION_COMMENTS = YES;
				CLANG_WARN_EMPTY_BODY = YES;
				CLANG_WARN_ENUM_CONVERSION = YES;
				CLANG_WARN_INFINITE_RECURSION = YES;
				CLANG_WARN_INT_CONVERSION = YES;
				CLANG_WARN_OBJC_ROOT_CLASS = YES_ERROR;
				CLANG_WARN_SUSPICIOUS_MOVES = YES;
				CLANG_WARN_UNREACHABLE_CODE = YES;
				CLANG_WARN__DUPLICATE_METHOD_MATCH = YES;
				"CODE_SIGN_IDENTITY[sdk=iphoneos*]" = "iPhone Developer";
				COPY_PHASE_STRIP = NO;
				DEBUG_INFORMATION_FORMAT = "dwarf-with-dsym";
				ENABLE_NS_ASSERTIONS = NO;
				ENABLE_STRICT_OBJC_MSGSEND = YES;
				GCC_C_LANGUAGE_STANDARD = gnu99;
				GCC_NO_COMMON_BLOCKS = YES;
				GCC_WARN_64_TO_32_BIT_CONVERSION = YES;
				GCC_WARN_ABOUT_RETURN_TYPE = YES_ERROR;
				GCC_WARN_UNDECLARED_SELECTOR = YES;
				GCC_WARN_UNINITIALIZED_AUTOS = YES_AGGRESSIVE;
				GCC_WARN_UNUSED_FUNCTION = YES;
				GCC_WARN_UNUSED_VARIABLE = YES;
				IPHONEOS_DEPLOYMENT_TARGET = 10.1;
				MTL_ENABLE_DEBUG_INFO = NO;
				SDKROOT = iphoneos;
				VALIDATE_PRODUCT = YES;
			};
			name = Release;
		};
		4A5D20D31DF8027E00EDF246 /* Debug */ = {
			isa = XCBuildConfiguration;
			buildSettings = {
				ASSETCATALOG_COMPILER_APPICON_NAME = AppIcon;
				DEVELOPMENT_TEAM = 6HJ8KKHN23;
				INFOPLIST_FILE = Ts/Info.plist;
				LD_RUNPATH_SEARCH_PATHS = "$(inherited) @executable_path/Frameworks";
				PRODUCT_BUNDLE_IDENTIFIER = com.huasheng.Ts;
				PRODUCT_NAME = "$(TARGET_NAME)";
			};
			name = Debug;
		};
		4A5D20D41DF8027E00EDF246 /* Release */ = {
			isa = XCBuildConfiguration;
			buildSettings = {
				ASSETCATALOG_COMPILER_APPICON_NAME = AppIcon;
				DEVELOPMENT_TEAM = 6HJ8KKHN23;
				INFOPLIST_FILE = Ts/Info.plist;
				LD_RUNPATH_SEARCH_PATHS = "$(inherited) @executable_path/Frameworks";
				PRODUCT_BUNDLE_IDENTIFIER = com.huasheng.Ts;
				PRODUCT_NAME = "$(TARGET_NAME)";
			};
			name = Release;
		};
/* End XCBuildConfiguration section */

/* Begin XCConfigurationList section */
		4A5D20B31DF8027D00EDF246 /* Build configuration list for PBXProject "Ts" */ = {
			isa = XCConfigurationList;
			buildConfigurations = (
				4A5D20D01DF8027E00EDF246 /* Debug */,
				4A5D20D11DF8027E00EDF246 /* Release */,
			);
			defaultConfigurationIsVisible = 0;
			defaultConfigurationName = Release;
		};
		4A5D20D21DF8027E00EDF246 /* Build configuration list for PBXNativeTarget "Ts" */ = {
			isa = XCConfigurationList;
			buildConfigurations = (
				4A5D20D31DF8027E00EDF246 /* Debug */,
				4A5D20D41DF8027E00EDF246 /* Release */,
			);
			defaultConfigurationIsVisible = 0;
		};
/* End XCConfigurationList section */
	};
	rootObject = 4A5D20B01DF8027D00EDF246 /* Project object */;
}
